// !$*UTF8*$!
{
	archiveVersion = 1;
	classes = {
	};
	objectVersion = 46;
	objects = {

/* Begin PBXBuildFile section */
		3844260D1C2B278B00576B70 /* NSString+Formatting.m in Sources */ = {isa = PBXBuildFile; fileRef = 3844260C1C2B278B00576B70 /* NSString+Formatting.m */; };
		384477091BC2EBD80096553C /* JSTransactionViewController.m in Sources */ = {isa = PBXBuildFile; fileRef = 384477081BC2EBD80096553C /* JSTransactionViewController.m */; };
		3856DBEB1BBC6FD1005AA1E3 /* JSHomeViewController.m in Sources */ = {isa = PBXBuildFile; fileRef = 3856DBEA1BBC6FD1005AA1E3 /* JSHomeViewController.m */; };
		386906501BD9AA7C0012EF90 /* JSPhoneTableViewCell.m in Sources */ = {isa = PBXBuildFile; fileRef = 3869064F1BD9AA7C0012EF90 /* JSPhoneTableViewCell.m */; };
		386906531BD9AC8B0012EF90 /* JSAddPhoneNumberViewController.m in Sources */ = {isa = PBXBuildFile; fileRef = 386906521BD9AC8B0012EF90 /* JSAddPhoneNumberViewController.m */; };
		3869065A1BDADD120012EF90 /* JSSplitTableViewCell.m in Sources */ = {isa = PBXBuildFile; fileRef = 386906591BDADD120012EF90 /* JSSplitTableViewCell.m */; };
		3869065D1BDAE07D0012EF90 /* JSAdjustSplitViewController.m in Sources */ = {isa = PBXBuildFile; fileRef = 3869065C1BDAE07D0012EF90 /* JSAdjustSplitViewController.m */; };
		386906841BDC449F0012EF90 /* JSVenPerson+CoreDataProperties.m in Sources */ = {isa = PBXBuildFile; fileRef = 386906811BDC449F0012EF90 /* JSVenPerson+CoreDataProperties.m */; };
		386906851BDC449F0012EF90 /* JSVenPerson.m in Sources */ = {isa = PBXBuildFile; fileRef = 386906831BDC449F0012EF90 /* JSVenPerson.m */; };
		3869068A1BDC4ECE0012EF90 /* PayCharge+CoreDataProperties.m in Sources */ = {isa = PBXBuildFile; fileRef = 386906871BDC4ECE0012EF90 /* PayCharge+CoreDataProperties.m */; };
		3869068B1BDC4ECE0012EF90 /* PayCharge.m in Sources */ = {isa = PBXBuildFile; fileRef = 386906891BDC4ECE0012EF90 /* PayCharge.m */; };
		3869068E1BE009820012EF90 /* JSConfirmSplitViewController.m in Sources */ = {isa = PBXBuildFile; fileRef = 3869068D1BE009820012EF90 /* JSConfirmSplitViewController.m */; };
		386906911BE033800012EF90 /* UIColor+Colors.m in Sources */ = {isa = PBXBuildFile; fileRef = 386906901BE033800012EF90 /* UIColor+Colors.m */; };
		3870E7211BB9904D0080A2A9 /* main.m in Sources */ = {isa = PBXBuildFile; fileRef = 3870E7201BB9904D0080A2A9 /* main.m */; };
		3870E7241BB9904D0080A2A9 /* AppDelegate.m in Sources */ = {isa = PBXBuildFile; fileRef = 3870E7231BB9904D0080A2A9 /* AppDelegate.m */; };
		3870E7271BB9904D0080A2A9 /* Fraction.xcdatamodeld in Sources */ = {isa = PBXBuildFile; fileRef = 3870E7251BB9904D0080A2A9 /* Fraction.xcdatamodeld */; };
		3870E72D1BB9904D0080A2A9 /* Main.storyboard in Resources */ = {isa = PBXBuildFile; fileRef = 3870E72B1BB9904D0080A2A9 /* Main.storyboard */; };
		3870E72F1BB9904D0080A2A9 /* Images.xcassets in Resources */ = {isa = PBXBuildFile; fileRef = 3870E72E1BB9904D0080A2A9 /* Images.xcassets */; };
		3870E7321BB9904D0080A2A9 /* LaunchScreen.xib in Resources */ = {isa = PBXBuildFile; fileRef = 3870E7301BB9904D0080A2A9 /* LaunchScreen.xib */; };
		3870E73E1BB9904D0080A2A9 /* FractionTests.m in Sources */ = {isa = PBXBuildFile; fileRef = 3870E73D1BB9904D0080A2A9 /* FractionTests.m */; };
		38754B051BEA7B6B00172884 /* JSScehduleViewController.m in Sources */ = {isa = PBXBuildFile; fileRef = 38754B041BEA7B6B00172884 /* JSScehduleViewController.m */; };
		38B818801BC56754006AD704 /* SignInViewController.m in Sources */ = {isa = PBXBuildFile; fileRef = 38B8187F1BC56754006AD704 /* SignInViewController.m */; };
		38BF44161BB9FDA300E65D71 /* JSVenmoAPIClient.m in Sources */ = {isa = PBXBuildFile; fileRef = 38BF44151BB9FDA300E65D71 /* JSVenmoAPIClient.m */; };
		38BF441C1BB9FDF200E65D71 /* JSConstants.m in Sources */ = {isa = PBXBuildFile; fileRef = 38BF441B1BB9FDF200E65D71 /* JSConstants.m */; };
		38C3E2991BCFDE7A00340A53 /* JSCoreData.m in Sources */ = {isa = PBXBuildFile; fileRef = 38C3E2981BCFDE7A00340A53 /* JSCoreData.m */; };
		38C3E2BA1BD8057F00340A53 /* JSSplitTransactionViewController.m in Sources */ = {isa = PBXBuildFile; fileRef = 38C3E2B91BD8057F00340A53 /* JSSplitTransactionViewController.m */; };
		38D5B9541BBCA791009C6245 /* JSRootViewController.m in Sources */ = {isa = PBXBuildFile; fileRef = 38D5B9531BBCA791009C6245 /* JSRootViewController.m */; };
		38D5B95C1BBCAB94009C6245 /* RECommonFunctions.m in Sources */ = {isa = PBXBuildFile; fileRef = 38D5B9571BBCAB94009C6245 /* RECommonFunctions.m */; };
		38D5B95D1BBCAB94009C6245 /* RESideMenu.m in Sources */ = {isa = PBXBuildFile; fileRef = 38D5B9591BBCAB94009C6245 /* RESideMenu.m */; };
		38D5B95E1BBCAB94009C6245 /* UIViewController+RESideMenu.m in Sources */ = {isa = PBXBuildFile; fileRef = 38D5B95B1BBCAB94009C6245 /* UIViewController+RESideMenu.m */; };
		38D5B9631BBDBECC009C6245 /* JSMenuTableViewController.m in Sources */ = {isa = PBXBuildFile; fileRef = 38D5B9621BBDBECC009C6245 /* JSMenuTableViewController.m */; };
		5D696F111C347062001357EE /* JSFirstSplitViewController.m in Sources */ = {isa = PBXBuildFile; fileRef = 5D696F101C347062001357EE /* JSFirstSplitViewController.m */; };
		9E38D75CA61D9FE0B3FAACEF /* libPods-Fraction.a in Frameworks */ = {isa = PBXBuildFile; fileRef = A5D42B87C272015837AE9C3E /* libPods-Fraction.a */; };
/* End PBXBuildFile section */

/* Begin PBXContainerItemProxy section */
		3870E7381BB9904D0080A2A9 /* PBXContainerItemProxy */ = {
			isa = PBXContainerItemProxy;
			containerPortal = 3870E7131BB9904D0080A2A9 /* Project object */;
			proxyType = 1;
			remoteGlobalIDString = 3870E71A1BB9904D0080A2A9;
			remoteInfo = Fraction;
		};
/* End PBXContainerItemProxy section */

/* Begin PBXFileReference section */
		1B64CAE54B6FB1BC5CCDE4DC /* Pods-Fraction.debug.xcconfig */ = {isa = PBXFileReference; includeInIndex = 1; lastKnownFileType = text.xcconfig; name = "Pods-Fraction.debug.xcconfig"; path = "Pods/Target Support Files/Pods-Fraction/Pods-Fraction.debug.xcconfig"; sourceTree = "<group>"; };
		3844260B1C2B278B00576B70 /* NSString+Formatting.h */ = {isa = PBXFileReference; fileEncoding = 4; lastKnownFileType = sourcecode.c.h; path = "NSString+Formatting.h"; sourceTree = "<group>"; };
		3844260C1C2B278B00576B70 /* NSString+Formatting.m */ = {isa = PBXFileReference; fileEncoding = 4; lastKnownFileType = sourcecode.c.objc; path = "NSString+Formatting.m"; sourceTree = "<group>"; };
		384477071BC2EBD80096553C /* JSTransactionViewController.h */ = {isa = PBXFileReference; fileEncoding = 4; lastKnownFileType = sourcecode.c.h; path = JSTransactionViewController.h; sourceTree = "<group>"; };
		384477081BC2EBD80096553C /* JSTransactionViewController.m */ = {isa = PBXFileReference; fileEncoding = 4; lastKnownFileType = sourcecode.c.objc; path = JSTransactionViewController.m; sourceTree = "<group>"; };
		3856DBE91BBC6FD1005AA1E3 /* JSHomeViewController.h */ = {isa = PBXFileReference; fileEncoding = 4; lastKnownFileType = sourcecode.c.h; path = JSHomeViewController.h; sourceTree = "<group>"; };
		3856DBEA1BBC6FD1005AA1E3 /* JSHomeViewController.m */ = {isa = PBXFileReference; fileEncoding = 4; lastKnownFileType = sourcecode.c.objc; path = JSHomeViewController.m; sourceTree = "<group>"; };
		3869064E1BD9AA7C0012EF90 /* JSPhoneTableViewCell.h */ = {isa = PBXFileReference; fileEncoding = 4; lastKnownFileType = sourcecode.c.h; path = JSPhoneTableViewCell.h; sourceTree = "<group>"; };
		3869064F1BD9AA7C0012EF90 /* JSPhoneTableViewCell.m */ = {isa = PBXFileReference; fileEncoding = 4; lastKnownFileType = sourcecode.c.objc; path = JSPhoneTableViewCell.m; sourceTree = "<group>"; };
		386906511BD9AC8B0012EF90 /* JSAddPhoneNumberViewController.h */ = {isa = PBXFileReference; fileEncoding = 4; lastKnownFileType = sourcecode.c.h; path = JSAddPhoneNumberViewController.h; sourceTree = "<group>"; };
		386906521BD9AC8B0012EF90 /* JSAddPhoneNumberViewController.m */ = {isa = PBXFileReference; fileEncoding = 4; lastKnownFileType = sourcecode.c.objc; path = JSAddPhoneNumberViewController.m; sourceTree = "<group>"; };
		386906581BDADD120012EF90 /* JSSplitTableViewCell.h */ = {isa = PBXFileReference; fileEncoding = 4; lastKnownFileType = sourcecode.c.h; path = JSSplitTableViewCell.h; sourceTree = "<group>"; };
		386906591BDADD120012EF90 /* JSSplitTableViewCell.m */ = {isa = PBXFileReference; fileEncoding = 4; lastKnownFileType = sourcecode.c.objc; path = JSSplitTableViewCell.m; sourceTree = "<group>"; };
		3869065B1BDAE07D0012EF90 /* JSAdjustSplitViewController.h */ = {isa = PBXFileReference; fileEncoding = 4; lastKnownFileType = sourcecode.c.h; path = JSAdjustSplitViewController.h; sourceTree = "<group>"; };
		3869065C1BDAE07D0012EF90 /* JSAdjustSplitViewController.m */ = {isa = PBXFileReference; fileEncoding = 4; lastKnownFileType = sourcecode.c.objc; path = JSAdjustSplitViewController.m; sourceTree = "<group>"; };
		386906801BDC449F0012EF90 /* JSVenPerson+CoreDataProperties.h */ = {isa = PBXFileReference; fileEncoding = 4; lastKnownFileType = sourcecode.c.h; path = "JSVenPerson+CoreDataProperties.h"; sourceTree = "<group>"; };
		386906811BDC449F0012EF90 /* JSVenPerson+CoreDataProperties.m */ = {isa = PBXFileReference; fileEncoding = 4; lastKnownFileType = sourcecode.c.objc; path = "JSVenPerson+CoreDataProperties.m"; sourceTree = "<group>"; };
		386906821BDC449F0012EF90 /* JSVenPerson.h */ = {isa = PBXFileReference; fileEncoding = 4; lastKnownFileType = sourcecode.c.h; path = JSVenPerson.h; sourceTree = "<group>"; };
		386906831BDC449F0012EF90 /* JSVenPerson.m */ = {isa = PBXFileReference; fileEncoding = 4; lastKnownFileType = sourcecode.c.objc; path = JSVenPerson.m; sourceTree = "<group>"; };
		386906861BDC4ECE0012EF90 /* PayCharge+CoreDataProperties.h */ = {isa = PBXFileReference; fileEncoding = 4; lastKnownFileType = sourcecode.c.h; path = "PayCharge+CoreDataProperties.h"; sourceTree = "<group>"; };
		386906871BDC4ECE0012EF90 /* PayCharge+CoreDataProperties.m */ = {isa = PBXFileReference; fileEncoding = 4; lastKnownFileType = sourcecode.c.objc; path = "PayCharge+CoreDataProperties.m"; sourceTree = "<group>"; };
		386906881BDC4ECE0012EF90 /* PayCharge.h */ = {isa = PBXFileReference; fileEncoding = 4; lastKnownFileType = sourcecode.c.h; path = PayCharge.h; sourceTree = "<group>"; };
		386906891BDC4ECE0012EF90 /* PayCharge.m */ = {isa = PBXFileReference; fileEncoding = 4; lastKnownFileType = sourcecode.c.objc; path = PayCharge.m; sourceTree = "<group>"; };
		3869068C1BE009810012EF90 /* JSConfirmSplitViewController.h */ = {isa = PBXFileReference; fileEncoding = 4; lastKnownFileType = sourcecode.c.h; path = JSConfirmSplitViewController.h; sourceTree = "<group>"; };
		3869068D1BE009820012EF90 /* JSConfirmSplitViewController.m */ = {isa = PBXFileReference; fileEncoding = 4; lastKnownFileType = sourcecode.c.objc; path = JSConfirmSplitViewController.m; sourceTree = "<group>"; };
		3869068F1BE033800012EF90 /* UIColor+Colors.h */ = {isa = PBXFileReference; fileEncoding = 4; lastKnownFileType = sourcecode.c.h; path = "UIColor+Colors.h"; sourceTree = "<group>"; };
		386906901BE033800012EF90 /* UIColor+Colors.m */ = {isa = PBXFileReference; fileEncoding = 4; lastKnownFileType = sourcecode.c.objc; path = "UIColor+Colors.m"; sourceTree = "<group>"; };
		3870E71B1BB9904D0080A2A9 /* Fraction.app */ = {isa = PBXFileReference; explicitFileType = wrapper.application; includeInIndex = 0; path = Fraction.app; sourceTree = BUILT_PRODUCTS_DIR; };
		3870E71F1BB9904D0080A2A9 /* Info.plist */ = {isa = PBXFileReference; lastKnownFileType = text.plist.xml; path = Info.plist; sourceTree = "<group>"; };
		3870E7201BB9904D0080A2A9 /* main.m */ = {isa = PBXFileReference; lastKnownFileType = sourcecode.c.objc; path = main.m; sourceTree = "<group>"; };
		3870E7221BB9904D0080A2A9 /* AppDelegate.h */ = {isa = PBXFileReference; lastKnownFileType = sourcecode.c.h; path = AppDelegate.h; sourceTree = "<group>"; };
		3870E7231BB9904D0080A2A9 /* AppDelegate.m */ = {isa = PBXFileReference; lastKnownFileType = sourcecode.c.objc; path = AppDelegate.m; sourceTree = "<group>"; };
		3870E7261BB9904D0080A2A9 /* Fraction.xcdatamodel */ = {isa = PBXFileReference; lastKnownFileType = wrapper.xcdatamodel; path = Fraction.xcdatamodel; sourceTree = "<group>"; };
		3870E72C1BB9904D0080A2A9 /* Base */ = {isa = PBXFileReference; lastKnownFileType = file.storyboard; name = Base; path = Base.lproj/Main.storyboard; sourceTree = "<group>"; };
		3870E72E1BB9904D0080A2A9 /* Images.xcassets */ = {isa = PBXFileReference; lastKnownFileType = folder.assetcatalog; path = Images.xcassets; sourceTree = "<group>"; };
		3870E7311BB9904D0080A2A9 /* Base */ = {isa = PBXFileReference; lastKnownFileType = file.xib; name = Base; path = Base.lproj/LaunchScreen.xib; sourceTree = "<group>"; };
		3870E7371BB9904D0080A2A9 /* FractionTests.xctest */ = {isa = PBXFileReference; explicitFileType = wrapper.cfbundle; includeInIndex = 0; path = FractionTests.xctest; sourceTree = BUILT_PRODUCTS_DIR; };
		3870E73C1BB9904D0080A2A9 /* Info.plist */ = {isa = PBXFileReference; lastKnownFileType = text.plist.xml; path = Info.plist; sourceTree = "<group>"; };
		3870E73D1BB9904D0080A2A9 /* FractionTests.m */ = {isa = PBXFileReference; lastKnownFileType = sourcecode.c.objc; path = FractionTests.m; sourceTree = "<group>"; };
		38754B031BEA7B6B00172884 /* JSScehduleViewController.h */ = {isa = PBXFileReference; fileEncoding = 4; lastKnownFileType = sourcecode.c.h; path = JSScehduleViewController.h; sourceTree = "<group>"; };
		38754B041BEA7B6B00172884 /* JSScehduleViewController.m */ = {isa = PBXFileReference; fileEncoding = 4; lastKnownFileType = sourcecode.c.objc; path = JSScehduleViewController.m; sourceTree = "<group>"; };
		38B8187E1BC56754006AD704 /* SignInViewController.h */ = {isa = PBXFileReference; fileEncoding = 4; lastKnownFileType = sourcecode.c.h; path = SignInViewController.h; sourceTree = "<group>"; };
		38B8187F1BC56754006AD704 /* SignInViewController.m */ = {isa = PBXFileReference; fileEncoding = 4; lastKnownFileType = sourcecode.c.objc; path = SignInViewController.m; sourceTree = "<group>"; };
		38BF44141BB9FDA300E65D71 /* JSVenmoAPIClient.h */ = {isa = PBXFileReference; fileEncoding = 4; lastKnownFileType = sourcecode.c.h; path = JSVenmoAPIClient.h; sourceTree = "<group>"; };
		38BF44151BB9FDA300E65D71 /* JSVenmoAPIClient.m */ = {isa = PBXFileReference; fileEncoding = 4; lastKnownFileType = sourcecode.c.objc; path = JSVenmoAPIClient.m; sourceTree = "<group>"; };
		38BF441A1BB9FDF200E65D71 /* JSConstants.h */ = {isa = PBXFileReference; fileEncoding = 4; lastKnownFileType = sourcecode.c.h; path = JSConstants.h; sourceTree = "<group>"; };
		38BF441B1BB9FDF200E65D71 /* JSConstants.m */ = {isa = PBXFileReference; fileEncoding = 4; lastKnownFileType = sourcecode.c.objc; path = JSConstants.m; sourceTree = "<group>"; };
		38C3E2971BCFDE7A00340A53 /* JSCoreData.h */ = {isa = PBXFileReference; fileEncoding = 4; lastKnownFileType = sourcecode.c.h; path = JSCoreData.h; sourceTree = "<group>"; };
		38C3E2981BCFDE7A00340A53 /* JSCoreData.m */ = {isa = PBXFileReference; fileEncoding = 4; lastKnownFileType = sourcecode.c.objc; path = JSCoreData.m; sourceTree = "<group>"; };
		38C3E2B81BD8057F00340A53 /* JSSplitTransactionViewController.h */ = {isa = PBXFileReference; fileEncoding = 4; lastKnownFileType = sourcecode.c.h; path = JSSplitTransactionViewController.h; sourceTree = "<group>"; };
		38C3E2B91BD8057F00340A53 /* JSSplitTransactionViewController.m */ = {isa = PBXFileReference; fileEncoding = 4; lastKnownFileType = sourcecode.c.objc; path = JSSplitTransactionViewController.m; sourceTree = "<group>"; };
		38D5B9521BBCA791009C6245 /* JSRootViewController.h */ = {isa = PBXFileReference; fileEncoding = 4; lastKnownFileType = sourcecode.c.h; path = JSRootViewController.h; sourceTree = "<group>"; };
		38D5B9531BBCA791009C6245 /* JSRootViewController.m */ = {isa = PBXFileReference; fileEncoding = 4; lastKnownFileType = sourcecode.c.objc; path = JSRootViewController.m; sourceTree = "<group>"; };
		38D5B9561BBCAB94009C6245 /* RECommonFunctions.h */ = {isa = PBXFileReference; fileEncoding = 4; lastKnownFileType = sourcecode.c.h; path = RECommonFunctions.h; sourceTree = "<group>"; };
		38D5B9571BBCAB94009C6245 /* RECommonFunctions.m */ = {isa = PBXFileReference; fileEncoding = 4; lastKnownFileType = sourcecode.c.objc; path = RECommonFunctions.m; sourceTree = "<group>"; };
		38D5B9581BBCAB94009C6245 /* RESideMenu.h */ = {isa = PBXFileReference; fileEncoding = 4; lastKnownFileType = sourcecode.c.h; path = RESideMenu.h; sourceTree = "<group>"; };
		38D5B9591BBCAB94009C6245 /* RESideMenu.m */ = {isa = PBXFileReference; fileEncoding = 4; lastKnownFileType = sourcecode.c.objc; path = RESideMenu.m; sourceTree = "<group>"; };
		38D5B95A1BBCAB94009C6245 /* UIViewController+RESideMenu.h */ = {isa = PBXFileReference; fileEncoding = 4; lastKnownFileType = sourcecode.c.h; path = "UIViewController+RESideMenu.h"; sourceTree = "<group>"; };
		38D5B95B1BBCAB94009C6245 /* UIViewController+RESideMenu.m */ = {isa = PBXFileReference; fileEncoding = 4; lastKnownFileType = sourcecode.c.objc; path = "UIViewController+RESideMenu.m"; sourceTree = "<group>"; };
		38D5B9611BBDBECC009C6245 /* JSMenuTableViewController.h */ = {isa = PBXFileReference; fileEncoding = 4; lastKnownFileType = sourcecode.c.h; path = JSMenuTableViewController.h; sourceTree = "<group>"; };
		38D5B9621BBDBECC009C6245 /* JSMenuTableViewController.m */ = {isa = PBXFileReference; fileEncoding = 4; lastKnownFileType = sourcecode.c.objc; path = JSMenuTableViewController.m; sourceTree = "<group>"; };
		5D696F0F1C347062001357EE /* JSFirstSplitViewController.h */ = {isa = PBXFileReference; fileEncoding = 4; lastKnownFileType = sourcecode.c.h; path = JSFirstSplitViewController.h; sourceTree = "<group>"; };
		5D696F101C347062001357EE /* JSFirstSplitViewController.m */ = {isa = PBXFileReference; fileEncoding = 4; lastKnownFileType = sourcecode.c.objc; path = JSFirstSplitViewController.m; sourceTree = "<group>"; };
		713BCC3CBCED7FC5B22ABBA3 /* Pods-Fraction.release.xcconfig */ = {isa = PBXFileReference; includeInIndex = 1; lastKnownFileType = text.xcconfig; name = "Pods-Fraction.release.xcconfig"; path = "Pods/Target Support Files/Pods-Fraction/Pods-Fraction.release.xcconfig"; sourceTree = "<group>"; };
		A5D42B87C272015837AE9C3E /* libPods-Fraction.a */ = {isa = PBXFileReference; explicitFileType = archive.ar; includeInIndex = 0; path = "libPods-Fraction.a"; sourceTree = BUILT_PRODUCTS_DIR; };
/* End PBXFileReference section */

/* Begin PBXFrameworksBuildPhase section */
		3870E7181BB9904D0080A2A9 /* Frameworks */ = {
			isa = PBXFrameworksBuildPhase;
			buildActionMask = 2147483647;
			files = (
				9E38D75CA61D9FE0B3FAACEF /* libPods-Fraction.a in Frameworks */,
			);
			runOnlyForDeploymentPostprocessing = 0;
		};
		3870E7341BB9904D0080A2A9 /* Frameworks */ = {
			isa = PBXFrameworksBuildPhase;
			buildActionMask = 2147483647;
			files = (
			);
			runOnlyForDeploymentPostprocessing = 0;
		};
/* End PBXFrameworksBuildPhase section */

/* Begin PBXGroup section */
		384477061BC2EB460096553C /* Transaction */ = {
			isa = PBXGroup;
			children = (
				384477071BC2EBD80096553C /* JSTransactionViewController.h */,
				384477081BC2EBD80096553C /* JSTransactionViewController.m */,
			);
			name = Transaction;
			sourceTree = "<group>";
		};
		3865BAE3966298613DE79FF7 /* Pods */ = {
			isa = PBXGroup;
			children = (
				1B64CAE54B6FB1BC5CCDE4DC /* Pods-Fraction.debug.xcconfig */,
				713BCC3CBCED7FC5B22ABBA3 /* Pods-Fraction.release.xcconfig */,
			);
			name = Pods;
			sourceTree = "<group>";
		};
		3869064D1BD9AA540012EF90 /* Phone Number Cell */ = {
			isa = PBXGroup;
			children = (
				3869064E1BD9AA7C0012EF90 /* JSPhoneTableViewCell.h */,
				3869064F1BD9AA7C0012EF90 /* JSPhoneTableViewCell.m */,
			);
			name = "Phone Number Cell";
			sourceTree = "<group>";
		};
		386906541BDAD5F40012EF90 /* Split Cell */ = {
			isa = PBXGroup;
			children = (
				386906581BDADD120012EF90 /* JSSplitTableViewCell.h */,
				386906591BDADD120012EF90 /* JSSplitTableViewCell.m */,
			);
			name = "Split Cell";
			sourceTree = "<group>";
		};
		3869065E1BDAEDA60012EF90 /* JSVenPerson */ = {
			isa = PBXGroup;
			children = (
				386906801BDC449F0012EF90 /* JSVenPerson+CoreDataProperties.h */,
				386906811BDC449F0012EF90 /* JSVenPerson+CoreDataProperties.m */,
				386906821BDC449F0012EF90 /* JSVenPerson.h */,
				386906831BDC449F0012EF90 /* JSVenPerson.m */,
			);
			name = JSVenPerson;
			sourceTree = "<group>";
		};
		3870E7121BB9904D0080A2A9 = {
			isa = PBXGroup;
			children = (
				3870E71D1BB9904D0080A2A9 /* Fraction */,
				3870E73A1BB9904D0080A2A9 /* FractionTests */,
				3870E71C1BB9904D0080A2A9 /* Products */,
				3865BAE3966298613DE79FF7 /* Pods */,
				8DFCD8B5FE354C7DAE4A94DC /* Frameworks */,
			);
			sourceTree = "<group>";
		};
		3870E71C1BB9904D0080A2A9 /* Products */ = {
			isa = PBXGroup;
			children = (
				3870E71B1BB9904D0080A2A9 /* Fraction.app */,
				3870E7371BB9904D0080A2A9 /* FractionTests.xctest */,
			);
			name = Products;
			sourceTree = "<group>";
		};
		3870E71D1BB9904D0080A2A9 /* Fraction */ = {
			isa = PBXGroup;
			children = (
				3870E7221BB9904D0080A2A9 /* AppDelegate.h */,
				3870E7231BB9904D0080A2A9 /* AppDelegate.m */,
				3870E72B1BB9904D0080A2A9 /* Main.storyboard */,
				3870E7471BB990670080A2A9 /* Model */,
				3870E7481BB990720080A2A9 /* View */,
				3870E7491BB9907B0080A2A9 /* Controller */,
				3870E72E1BB9904D0080A2A9 /* Images.xcassets */,
				3870E7301BB9904D0080A2A9 /* LaunchScreen.xib */,
				3870E71E1BB9904D0080A2A9 /* Supporting Files */,
			);
			path = Fraction;
			sourceTree = "<group>";
		};
		3870E71E1BB9904D0080A2A9 /* Supporting Files */ = {
			isa = PBXGroup;
			children = (
				3870E71F1BB9904D0080A2A9 /* Info.plist */,
				3870E7201BB9904D0080A2A9 /* main.m */,
			);
			name = "Supporting Files";
			sourceTree = "<group>";
		};
		3870E73A1BB9904D0080A2A9 /* FractionTests */ = {
			isa = PBXGroup;
			children = (
				3870E73D1BB9904D0080A2A9 /* FractionTests.m */,
				3870E73B1BB9904D0080A2A9 /* Supporting Files */,
			);
			path = FractionTests;
			sourceTree = "<group>";
		};
		3870E73B1BB9904D0080A2A9 /* Supporting Files */ = {
			isa = PBXGroup;
			children = (
				3870E73C1BB9904D0080A2A9 /* Info.plist */,
			);
			name = "Supporting Files";
			sourceTree = "<group>";
		};
		3870E7471BB990670080A2A9 /* Model */ = {
			isa = PBXGroup;
			children = (
				38C3E29A1BCFE05C00340A53 /* Core Data */,
				38BF441D1BB9FDFF00E65D71 /* Constants */,
				38BF44131BB9FD1C00E65D71 /* API Clients */,
			);
			name = Model;
			sourceTree = "<group>";
		};
		3870E7481BB990720080A2A9 /* View */ = {
			isa = PBXGroup;
			children = (
				5D696F121C36CF73001357EE /* Split Contact Cell */,
				386906541BDAD5F40012EF90 /* Split Cell */,
				3869064D1BD9AA540012EF90 /* Phone Number Cell */,
			);
			name = View;
			sourceTree = "<group>";
		};
		3870E7491BB9907B0080A2A9 /* Controller */ = {
			isa = PBXGroup;
			children = (
				38754B061BEA7B7700172884 /* Schedule */,
				384477061BC2EB460096553C /* Transaction */,
				38C3E2B41BD802A100340A53 /* Split Transaction */,
				38B8187D1BC56508006AD704 /* Sign In */,
				38D5B95F1BBCABA3009C6245 /* Home  */,
				38D5B9601BBCABB9009C6245 /* Root  */,
				38754B071BEA7B9200172884 /* Menu */,
			);
			name = Controller;
			sourceTree = "<group>";
		};
		38754B061BEA7B7700172884 /* Schedule */ = {
			isa = PBXGroup;
			children = (
				38754B031BEA7B6B00172884 /* JSScehduleViewController.h */,
				38754B041BEA7B6B00172884 /* JSScehduleViewController.m */,
			);
			name = Schedule;
			sourceTree = "<group>";
		};
		38754B071BEA7B9200172884 /* Menu */ = {
			isa = PBXGroup;
			children = (
				38D5B9611BBDBECC009C6245 /* JSMenuTableViewController.h */,
				38D5B9621BBDBECC009C6245 /* JSMenuTableViewController.m */,
			);
			name = Menu;
			sourceTree = "<group>";
		};
		38B8187D1BC56508006AD704 /* Sign In */ = {
			isa = PBXGroup;
			children = (
				38B8187E1BC56754006AD704 /* SignInViewController.h */,
				38B8187F1BC56754006AD704 /* SignInViewController.m */,
			);
			name = "Sign In";
			sourceTree = "<group>";
		};
		38BF44131BB9FD1C00E65D71 /* API Clients */ = {
			isa = PBXGroup;
			children = (
				38BF44141BB9FDA300E65D71 /* JSVenmoAPIClient.h */,
				38BF44151BB9FDA300E65D71 /* JSVenmoAPIClient.m */,
			);
			name = "API Clients";
			sourceTree = "<group>";
		};
		38BF441D1BB9FDFF00E65D71 /* Constants */ = {
			isa = PBXGroup;
			children = (
				38BF441A1BB9FDF200E65D71 /* JSConstants.h */,
				38BF441B1BB9FDF200E65D71 /* JSConstants.m */,
				3869068F1BE033800012EF90 /* UIColor+Colors.h */,
				386906901BE033800012EF90 /* UIColor+Colors.m */,
				3844260B1C2B278B00576B70 /* NSString+Formatting.h */,
				3844260C1C2B278B00576B70 /* NSString+Formatting.m */,
			);
			name = Constants;
			sourceTree = "<group>";
		};
		38C3E29A1BCFE05C00340A53 /* Core Data */ = {
			isa = PBXGroup;
			children = (
				3870E7251BB9904D0080A2A9 /* Fraction.xcdatamodeld */,
				38C3E2971BCFDE7A00340A53 /* JSCoreData.h */,
				38C3E2981BCFDE7A00340A53 /* JSCoreData.m */,
				3869065E1BDAEDA60012EF90 /* JSVenPerson */,
				38C3E2AA1BD05A1F00340A53 /* JSPayCharge */,
			);
			name = "Core Data";
			sourceTree = "<group>";
		};
		38C3E2AA1BD05A1F00340A53 /* JSPayCharge */ = {
			isa = PBXGroup;
			children = (
				386906861BDC4ECE0012EF90 /* PayCharge+CoreDataProperties.h */,
				386906871BDC4ECE0012EF90 /* PayCharge+CoreDataProperties.m */,
				386906881BDC4ECE0012EF90 /* PayCharge.h */,
				386906891BDC4ECE0012EF90 /* PayCharge.m */,
			);
			name = JSPayCharge;
			sourceTree = "<group>";
		};
		38C3E2B41BD802A100340A53 /* Split Transaction */ = {
			isa = PBXGroup;
			children = (
				5D696F0F1C347062001357EE /* JSFirstSplitViewController.h */,
				5D696F101C347062001357EE /* JSFirstSplitViewController.m */,
				38C3E2B81BD8057F00340A53 /* JSSplitTransactionViewController.h */,
				38C3E2B91BD8057F00340A53 /* JSSplitTransactionViewController.m */,
				3869068C1BE009810012EF90 /* JSConfirmSplitViewController.h */,
				3869068D1BE009820012EF90 /* JSConfirmSplitViewController.m */,
				3869065B1BDAE07D0012EF90 /* JSAdjustSplitViewController.h */,
				3869065C1BDAE07D0012EF90 /* JSAdjustSplitViewController.m */,
				386906511BD9AC8B0012EF90 /* JSAddPhoneNumberViewController.h */,
				386906521BD9AC8B0012EF90 /* JSAddPhoneNumberViewController.m */,
			);
			name = "Split Transaction";
			sourceTree = "<group>";
		};
		38D5B9551BBCAB94009C6245 /* RESideMenu */ = {
			isa = PBXGroup;
			children = (
				38D5B9561BBCAB94009C6245 /* RECommonFunctions.h */,
				38D5B9571BBCAB94009C6245 /* RECommonFunctions.m */,
				38D5B9581BBCAB94009C6245 /* RESideMenu.h */,
				38D5B9591BBCAB94009C6245 /* RESideMenu.m */,
				38D5B95A1BBCAB94009C6245 /* UIViewController+RESideMenu.h */,
				38D5B95B1BBCAB94009C6245 /* UIViewController+RESideMenu.m */,
			);
			path = RESideMenu;
			sourceTree = "<group>";
		};
		38D5B95F1BBCABA3009C6245 /* Home  */ = {
			isa = PBXGroup;
			children = (
				3856DBE91BBC6FD1005AA1E3 /* JSHomeViewController.h */,
				3856DBEA1BBC6FD1005AA1E3 /* JSHomeViewController.m */,
			);
			name = "Home ";
			sourceTree = "<group>";
		};
		38D5B9601BBCABB9009C6245 /* Root  */ = {
			isa = PBXGroup;
			children = (
				38D5B9521BBCA791009C6245 /* JSRootViewController.h */,
				38D5B9531BBCA791009C6245 /* JSRootViewController.m */,
				38D5B9551BBCAB94009C6245 /* RESideMenu */,
			);
			name = "Root ";
			sourceTree = "<group>";
		};
		5D696F121C36CF73001357EE /* Split Contact Cell */ = {
			isa = PBXGroup;
			children = (
			);
			name = "Split Contact Cell";
			sourceTree = "<group>";
		};
		8DFCD8B5FE354C7DAE4A94DC /* Frameworks */ = {
			isa = PBXGroup;
			children = (
				A5D42B87C272015837AE9C3E /* libPods-Fraction.a */,
			);
			name = Frameworks;
			sourceTree = "<group>";
		};
/* End PBXGroup section */

/* Begin PBXNativeTarget section */
		3870E71A1BB9904D0080A2A9 /* Fraction */ = {
			isa = PBXNativeTarget;
			buildConfigurationList = 3870E7411BB9904D0080A2A9 /* Build configuration list for PBXNativeTarget "Fraction" */;
			buildPhases = (
				11C3E94EF5544548C6B399BD /* Check Pods Manifest.lock */,
				3870E7171BB9904D0080A2A9 /* Sources */,
				3870E7181BB9904D0080A2A9 /* Frameworks */,
				3870E7191BB9904D0080A2A9 /* Resources */,
				7080A5C8228725C44BBC317C /* Copy Pods Resources */,
			);
			buildRules = (
			);
			dependencies = (
			);
			name = Fraction;
			productName = Fraction;
			productReference = 3870E71B1BB9904D0080A2A9 /* Fraction.app */;
			productType = "com.apple.product-type.application";
		};
		3870E7361BB9904D0080A2A9 /* FractionTests */ = {
			isa = PBXNativeTarget;
			buildConfigurationList = 3870E7441BB9904D0080A2A9 /* Build configuration list for PBXNativeTarget "FractionTests" */;
			buildPhases = (
				3870E7331BB9904D0080A2A9 /* Sources */,
				3870E7341BB9904D0080A2A9 /* Frameworks */,
				3870E7351BB9904D0080A2A9 /* Resources */,
			);
			buildRules = (
			);
			dependencies = (
				3870E7391BB9904D0080A2A9 /* PBXTargetDependency */,
			);
			name = FractionTests;
			productName = FractionTests;
			productReference = 3870E7371BB9904D0080A2A9 /* FractionTests.xctest */;
			productType = "com.apple.product-type.bundle.unit-test";
		};
/* End PBXNativeTarget section */

/* Begin PBXProject section */
		3870E7131BB9904D0080A2A9 /* Project object */ = {
			isa = PBXProject;
			attributes = {
				LastUpgradeCheck = 0640;
				ORGANIZATIONNAME = "Yosimite Labs | Joseph Smalls-Mantey";
				TargetAttributes = {
					3870E71A1BB9904D0080A2A9 = {
						CreatedOnToolsVersion = 6.4;
					};
					3870E7361BB9904D0080A2A9 = {
						CreatedOnToolsVersion = 6.4;
						TestTargetID = 3870E71A1BB9904D0080A2A9;
					};
				};
			};
			buildConfigurationList = 3870E7161BB9904D0080A2A9 /* Build configuration list for PBXProject "Fraction" */;
			compatibilityVersion = "Xcode 3.2";
			developmentRegion = English;
			hasScannedForEncodings = 0;
			knownRegions = (
				en,
				Base,
			);
			mainGroup = 3870E7121BB9904D0080A2A9;
			productRefGroup = 3870E71C1BB9904D0080A2A9 /* Products */;
			projectDirPath = "";
			projectRoot = "";
			targets = (
				3870E71A1BB9904D0080A2A9 /* Fraction */,
				3870E7361BB9904D0080A2A9 /* FractionTests */,
			);
		};
/* End PBXProject section */

/* Begin PBXResourcesBuildPhase section */
		3870E7191BB9904D0080A2A9 /* Resources */ = {
			isa = PBXResourcesBuildPhase;
			buildActionMask = 2147483647;
			files = (
				3870E72D1BB9904D0080A2A9 /* Main.storyboard in Resources */,
				3870E7321BB9904D0080A2A9 /* LaunchScreen.xib in Resources */,
				3870E72F1BB9904D0080A2A9 /* Images.xcassets in Resources */,
			);
			runOnlyForDeploymentPostprocessing = 0;
		};
		3870E7351BB9904D0080A2A9 /* Resources */ = {
			isa = PBXResourcesBuildPhase;
			buildActionMask = 2147483647;
			files = (
			);
			runOnlyForDeploymentPostprocessing = 0;
		};
/* End PBXResourcesBuildPhase section */

/* Begin PBXShellScriptBuildPhase section */
		11C3E94EF5544548C6B399BD /* Check Pods Manifest.lock */ = {
			isa = PBXShellScriptBuildPhase;
			buildActionMask = 2147483647;
			files = (
			);
			inputPaths = (
			);
			name = "Check Pods Manifest.lock";
			outputPaths = (
			);
			runOnlyForDeploymentPostprocessing = 0;
			shellPath = /bin/sh;
			shellScript = "diff \"${PODS_ROOT}/../Podfile.lock\" \"${PODS_ROOT}/Manifest.lock\" > /dev/null\nif [[ $? != 0 ]] ; then\n    cat << EOM\nerror: The sandbox is not in sync with the Podfile.lock. Run 'pod install' or update your CocoaPods installation.\nEOM\n    exit 1\nfi\n";
			showEnvVarsInLog = 0;
		};
		7080A5C8228725C44BBC317C /* Copy Pods Resources */ = {
			isa = PBXShellScriptBuildPhase;
			buildActionMask = 2147483647;
			files = (
			);
			inputPaths = (
			);
			name = "Copy Pods Resources";
			outputPaths = (
			);
			runOnlyForDeploymentPostprocessing = 0;
			shellPath = /bin/sh;
			shellScript = "\"${SRCROOT}/Pods/Target Support Files/Pods-Fraction/Pods-Fraction-resources.sh\"\n";
			showEnvVarsInLog = 0;
		};
/* End PBXShellScriptBuildPhase section */

/* Begin PBXSourcesBuildPhase section */
		3870E7171BB9904D0080A2A9 /* Sources */ = {
			isa = PBXSourcesBuildPhase;
			buildActionMask = 2147483647;
			files = (
				38B818801BC56754006AD704 /* SignInViewController.m in Sources */,
				3870E7241BB9904D0080A2A9 /* AppDelegate.m in Sources */,
				386906911BE033800012EF90 /* UIColor+Colors.m in Sources */,
				386906501BD9AA7C0012EF90 /* JSPhoneTableViewCell.m in Sources */,
				38D5B95C1BBCAB94009C6245 /* RECommonFunctions.m in Sources */,
				3869068A1BDC4ECE0012EF90 /* PayCharge+CoreDataProperties.m in Sources */,
				38D5B9541BBCA791009C6245 /* JSRootViewController.m in Sources */,
				3870E7211BB9904D0080A2A9 /* main.m in Sources */,
				38D5B9631BBDBECC009C6245 /* JSMenuTableViewController.m in Sources */,
				38C3E2BA1BD8057F00340A53 /* JSSplitTransactionViewController.m in Sources */,
				3869068B1BDC4ECE0012EF90 /* PayCharge.m in Sources */,
				386906841BDC449F0012EF90 /* JSVenPerson+CoreDataProperties.m in Sources */,
				38754B051BEA7B6B00172884 /* JSScehduleViewController.m in Sources */,
				38BF44161BB9FDA300E65D71 /* JSVenmoAPIClient.m in Sources */,
				386906531BD9AC8B0012EF90 /* JSAddPhoneNumberViewController.m in Sources */,
				5D696F111C347062001357EE /* JSFirstSplitViewController.m in Sources */,
				384477091BC2EBD80096553C /* JSTransactionViewController.m in Sources */,
				38C3E2991BCFDE7A00340A53 /* JSCoreData.m in Sources */,
				3869068E1BE009820012EF90 /* JSConfirmSplitViewController.m in Sources */,
				38BF441C1BB9FDF200E65D71 /* JSConstants.m in Sources */,
				3856DBEB1BBC6FD1005AA1E3 /* JSHomeViewController.m in Sources */,
				38D5B95D1BBCAB94009C6245 /* RESideMenu.m in Sources */,
				3869065A1BDADD120012EF90 /* JSSplitTableViewCell.m in Sources */,
				386906851BDC449F0012EF90 /* JSVenPerson.m in Sources */,
				3870E7271BB9904D0080A2A9 /* Fraction.xcdatamodeld in Sources */,
				38D5B95E1BBCAB94009C6245 /* UIViewController+RESideMenu.m in Sources */,
				3844260D1C2B278B00576B70 /* NSString+Formatting.m in Sources */,
				3869065D1BDAE07D0012EF90 /* JSAdjustSplitViewController.m in Sources */,
			);
			runOnlyForDeploymentPostprocessing = 0;
		};
		3870E7331BB9904D0080A2A9 /* Sources */ = {
			isa = PBXSourcesBuildPhase;
			buildActionMask = 2147483647;
			files = (
				3870E73E1BB9904D0080A2A9 /* FractionTests.m in Sources */,
			);
			runOnlyForDeploymentPostprocessing = 0;
		};
/* End PBXSourcesBuildPhase section */

/* Begin PBXTargetDependency section */
		3870E7391BB9904D0080A2A9 /* PBXTargetDependency */ = {
			isa = PBXTargetDependency;
			target = 3870E71A1BB9904D0080A2A9 /* Fraction */;
			targetProxy = 3870E7381BB9904D0080A2A9 /* PBXContainerItemProxy */;
		};
/* End PBXTargetDependency section */

/* Begin PBXVariantGroup section */
		3870E72B1BB9904D0080A2A9 /* Main.storyboard */ = {
			isa = PBXVariantGroup;
			children = (
				3870E72C1BB9904D0080A2A9 /* Base */,
			);
			name = Main.storyboard;
			sourceTree = "<group>";
		};
		3870E7301BB9904D0080A2A9 /* LaunchScreen.xib */ = {
			isa = PBXVariantGroup;
			children = (
				3870E7311BB9904D0080A2A9 /* Base */,
			);
			name = LaunchScreen.xib;
			sourceTree = "<group>";
		};
/* End PBXVariantGroup section */

/* Begin XCBuildConfiguration section */
		3870E73F1BB9904D0080A2A9 /* Debug */ = {
			isa = XCBuildConfiguration;
			buildSettings = {
				ALWAYS_SEARCH_USER_PATHS = NO;
				CLANG_CXX_LANGUAGE_STANDARD = "gnu++0x";
				CLANG_CXX_LIBRARY = "libc++";
				CLANG_ENABLE_MODULES = YES;
				CLANG_ENABLE_OBJC_ARC = YES;
				CLANG_WARN_BOOL_CONVERSION = YES;
				CLANG_WARN_CONSTANT_CONVERSION = YES;
				CLANG_WARN_DIRECT_OBJC_ISA_USAGE = YES_ERROR;
				CLANG_WARN_EMPTY_BODY = YES;
				CLANG_WARN_ENUM_CONVERSION = YES;
				CLANG_WARN_INT_CONVERSION = YES;
				CLANG_WARN_OBJC_ROOT_CLASS = YES_ERROR;
				CLANG_WARN_UNREACHABLE_CODE = YES;
				CLANG_WARN__DUPLICATE_METHOD_MATCH = YES;
				"CODE_SIGN_IDENTITY[sdk=iphoneos*]" = "iPhone Developer";
				COPY_PHASE_STRIP = NO;
				DEBUG_INFORMATION_FORMAT = "dwarf-with-dsym";
				ENABLE_STRICT_OBJC_MSGSEND = YES;
				GCC_C_LANGUAGE_STANDARD = gnu99;
				GCC_DYNAMIC_NO_PIC = NO;
				GCC_NO_COMMON_BLOCKS = YES;
				GCC_OPTIMIZATION_LEVEL = 0;
				GCC_PREPROCESSOR_DEFINITIONS = (
					"DEBUG=1",
					"$(inherited)",
				);
				GCC_SYMBOLS_PRIVATE_EXTERN = NO;
				GCC_WARN_64_TO_32_BIT_CONVERSION = YES;
				GCC_WARN_ABOUT_RETURN_TYPE = YES_ERROR;
				GCC_WARN_UNDECLARED_SELECTOR = YES;
				GCC_WARN_UNINITIALIZED_AUTOS = YES_AGGRESSIVE;
				GCC_WARN_UNUSED_FUNCTION = YES;
				GCC_WARN_UNUSED_VARIABLE = YES;
				IPHONEOS_DEPLOYMENT_TARGET = 8.3;
				MTL_ENABLE_DEBUG_INFO = YES;
				ONLY_ACTIVE_ARCH = YES;
				SDKROOT = iphoneos;
				TARGETED_DEVICE_FAMILY = "1,2";
			};
			name = Debug;
		};
		3870E7401BB9904D0080A2A9 /* Release */ = {
			isa = XCBuildConfiguration;
			buildSettings = {
				ALWAYS_SEARCH_USER_PATHS = NO;
				CLANG_CXX_LANGUAGE_STANDARD = "gnu++0x";
				CLANG_CXX_LIBRARY = "libc++";
				CLANG_ENABLE_MODULES = YES;
				CLANG_ENABLE_OBJC_ARC = YES;
				CLANG_WARN_BOOL_CONVERSION = YES;
				CLANG_WARN_CONSTANT_CONVERSION = YES;
				CLANG_WARN_DIRECT_OBJC_ISA_USAGE = YES_ERROR;
				CLANG_WARN_EMPTY_BODY = YES;
				CLANG_WARN_ENUM_CONVERSION = YES;
				CLANG_WARN_INT_CONVERSION = YES;
				CLANG_WARN_OBJC_ROOT_CLASS = YES_ERROR;
				CLANG_WARN_UNREACHABLE_CODE = YES;
				CLANG_WARN__DUPLICATE_METHOD_MATCH = YES;
				"CODE_SIGN_IDENTITY[sdk=iphoneos*]" = "iPhone Developer";
				COPY_PHASE_STRIP = NO;
				DEBUG_INFORMATION_FORMAT = "dwarf-with-dsym";
				ENABLE_NS_ASSERTIONS = NO;
				ENABLE_STRICT_OBJC_MSGSEND = YES;
				GCC_C_LANGUAGE_STANDARD = gnu99;
				GCC_NO_COMMON_BLOCKS = YES;
				GCC_WARN_64_TO_32_BIT_CONVERSION = YES;
				GCC_WARN_ABOUT_RETURN_TYPE = YES_ERROR;
				GCC_WARN_UNDECLARED_SELECTOR = YES;
				GCC_WARN_UNINITIALIZED_AUTOS = YES_AGGRESSIVE;
				GCC_WARN_UNUSED_FUNCTION = YES;
				GCC_WARN_UNUSED_VARIABLE = YES;
				IPHONEOS_DEPLOYMENT_TARGET = 8.3;
				MTL_ENABLE_DEBUG_INFO = NO;
				SDKROOT = iphoneos;
				TARGETED_DEVICE_FAMILY = "1,2";
				VALIDATE_PRODUCT = YES;
			};
			name = Release;
		};
		3870E7421BB9904D0080A2A9 /* Debug */ = {
			isa = XCBuildConfiguration;
			baseConfigurationReference = 1B64CAE54B6FB1BC5CCDE4DC /* Pods-Fraction.debug.xcconfig */;
			buildSettings = {
				ASSETCATALOG_COMPILER_APPICON_NAME = AppIcon;
				INFOPLIST_FILE = Fraction/Info.plist;
				IPHONEOS_DEPLOYMENT_TARGET = 8.0;
				LD_RUNPATH_SEARCH_PATHS = "$(inherited) @executable_path/Frameworks";
				PRODUCT_NAME = "$(TARGET_NAME)";
			};
			name = Debug;
		};
		3870E7431BB9904D0080A2A9 /* Release */ = {
			isa = XCBuildConfiguration;
			baseConfigurationReference = 713BCC3CBCED7FC5B22ABBA3 /* Pods-Fraction.release.xcconfig */;
			buildSettings = {
				ASSETCATALOG_COMPILER_APPICON_NAME = AppIcon;
				INFOPLIST_FILE = Fraction/Info.plist;
				IPHONEOS_DEPLOYMENT_TARGET = 8.0;
				LD_RUNPATH_SEARCH_PATHS = "$(inherited) @executable_path/Frameworks";
				PRODUCT_NAME = "$(TARGET_NAME)";
			};
			name = Release;
		};
		3870E7451BB9904D0080A2A9 /* Debug */ = {
			isa = XCBuildConfiguration;
			buildSettings = {
				BUNDLE_LOADER = "$(TEST_HOST)";
				FRAMEWORK_SEARCH_PATHS = (
					"$(SDKROOT)/Developer/Library/Frameworks",
					"$(inherited)",
				);
				GCC_PREPROCESSOR_DEFINITIONS = (
					"DEBUG=1",
					"$(inherited)",
				);
				INFOPLIST_FILE = FractionTests/Info.plist;
				LD_RUNPATH_SEARCH_PATHS = "$(inherited) @executable_path/Frameworks @loader_path/Frameworks";
				PRODUCT_NAME = "$(TARGET_NAME)";
				TEST_HOST = "$(BUILT_PRODUCTS_DIR)/Fraction.app/Fraction";
			};
			name = Debug;
		};
		3870E7461BB9904D0080A2A9 /* Release */ = {
			isa = XCBuildConfiguration;
			buildSettings = {
				BUNDLE_LOADER = "$(TEST_HOST)";
				FRAMEWORK_SEARCH_PATHS = (
					"$(SDKROOT)/Developer/Library/Frameworks",
					"$(inherited)",
				);
				INFOPLIST_FILE = FractionTests/Info.plist;
				LD_RUNPATH_SEARCH_PATHS = "$(inherited) @executable_path/Frameworks @loader_path/Frameworks";
				PRODUCT_NAME = "$(TARGET_NAME)";
				TEST_HOST = "$(BUILT_PRODUCTS_DIR)/Fraction.app/Fraction";
			};
			name = Release;
		};
/* End XCBuildConfiguration section */

/* Begin XCConfigurationList section */
		3870E7161BB9904D0080A2A9 /* Build configuration list for PBXProject "Fraction" */ = {
			isa = XCConfigurationList;
			buildConfigurations = (
				3870E73F1BB9904D0080A2A9 /* Debug */,
				3870E7401BB9904D0080A2A9 /* Release */,
			);
			defaultConfigurationIsVisible = 0;
			defaultConfigurationName = Release;
		};
		3870E7411BB9904D0080A2A9 /* Build configuration list for PBXNativeTarget "Fraction" */ = {
			isa = XCConfigurationList;
			buildConfigurations = (
				3870E7421BB9904D0080A2A9 /* Debug */,
				3870E7431BB9904D0080A2A9 /* Release */,
			);
			defaultConfigurationIsVisible = 0;
			defaultConfigurationName = Release;
		};
		3870E7441BB9904D0080A2A9 /* Build configuration list for PBXNativeTarget "FractionTests" */ = {
			isa = XCConfigurationList;
			buildConfigurations = (
				3870E7451BB9904D0080A2A9 /* Debug */,
				3870E7461BB9904D0080A2A9 /* Release */,
			);
			defaultConfigurationIsVisible = 0;
			defaultConfigurationName = Release;
		};
/* End XCConfigurationList section */

/* Begin XCVersionGroup section */
		3870E7251BB9904D0080A2A9 /* Fraction.xcdatamodeld */ = {
			isa = XCVersionGroup;
			children = (
				3870E7261BB9904D0080A2A9 /* Fraction.xcdatamodel */,
			);
			currentVersion = 3870E7261BB9904D0080A2A9 /* Fraction.xcdatamodel */;
			path = Fraction.xcdatamodeld;
			sourceTree = "<group>";
			versionGroupType = wrapper.xcdatamodel;
		};
/* End XCVersionGroup section */
	};
	rootObject = 3870E7131BB9904D0080A2A9 /* Project object */;
}
